
Microsoft Visual Studio Solution File, Format Version 12.00
# Visual Studio Version 17
VisualStudioVersion = 17.2.32414.248
MinimumVisualStudioVersion = 10.0.40219.1
Project("{9A19103F-16F7-4668-BE54-9A1E7A4F7556}") = "Exercise_2-1", "Exercises_02\Exercise_2-1\Exercise_2-1.csproj", "{A043E8ED-1FBF-4B39-95CE-896FA26607BE}"
EndProject
Project("{9A19103F-16F7-4668-BE54-9A1E7A4F7556}") = "Exercise_2-2", "Exercises_02\Exercise_2-2\Exercise_2-2.csproj", "{9C927F9B-5D5E-4661-BF8F-1A1A998BFAAC}"
EndProject
Project("{9A19103F-16F7-4668-BE54-9A1E7A4F7556}") = "Exercise_2-3", "Exercises_02\Exercise_2-3\Exercise_2-3.csproj", "{16238C38-3431-4D39-AC59-2353657ED44D}"
EndProject
Project("{9A19103F-16F7-4668-BE54-9A1E7A4F7556}") = "Exercise_2-4", "Exercises_02\Exercise_2-4\Exercise_2-4.csproj", "{74168440-B917-4269-BD7D-74CF64CAE049}"
EndProject
Project("{9A19103F-16F7-4668-BE54-9A1E7A4F7556}") = "Exercise_2-5", "Exercises_02\Exercise_2-5\Exercise_2-5.csproj", "{25CBEF3C-3FF5-4AB7-8EB0-8AA0F1367959}"
EndProject
Project("{9A19103F-16F7-4668-BE54-9A1E7A4F7556}") = "Exercise_2-6", "Exercises_02\Exercise_2-6\Exercise_2-6.csproj", "{1C16A09A-C580-49EC-AB33-08A17AD36283}"
EndProject
Project("{9A19103F-16F7-4668-BE54-9A1E7A4F7556}") = "Exercise_2-8", "Exercises_02\Exercise_2-8\Exercise_2-8.csproj", "{F3AE8B73-4A62-463A-B0AD-F144413D9417}"
EndProject
Project("{2150E333-8FDC-42A3-9474-1A3956D46DE8}") = "Exercise_2", "Exercise_2", "{FB83AA4E-591E-4315-8F39-6CC05E59EE8B}"
EndProject
Project("{2150E333-8FDC-42A3-9474-1A3956D46DE8}") = "Exercise_3", "Exercise_3", "{F923D6C2-6FFE-40BC-BA5E-6735675D4DCC}"
EndProject
Project("{FAE04EC0-301F-11D3-BF4B-00C04F79EFBC}") = "Exercise_3-1", "Exercises_03\Exercise_3-1\Exercise_3-1.csproj", "{EE166CD6-2021-431B-8AE1-C760EDB9E58C}"
EndProject
Global
	GlobalSection(SolutionConfigurationPlatforms) = preSolution
		Debug|Any CPU = Debug|Any CPU
		Release|Any CPU = Release|Any CPU
	EndGlobalSection
	GlobalSection(ProjectConfigurationPlatforms) = postSolution
		{A043E8ED-1FBF-4B39-95CE-896FA26607BE}.Debug|Any CPU.ActiveCfg = Debug|Any CPU
		{A043E8ED-1FBF-4B39-95CE-896FA26607BE}.Debug|Any CPU.Build.0 = Debug|Any CPU
		{A043E8ED-1FBF-4B39-95CE-896FA26607BE}.Release|Any CPU.ActiveCfg = Release|Any CPU
		{A043E8ED-1FBF-4B39-95CE-896FA26607BE}.Release|Any CPU.Build.0 = Release|Any CPU
		{9C927F9B-5D5E-4661-BF8F-1A1A998BFAAC}.Debug|Any CPU.ActiveCfg = Debug|Any CPU
		{9C927F9B-5D5E-4661-BF8F-1A1A998BFAAC}.Debug|Any CPU.Build.0 = Debug|Any CPU
		{9C927F9B-5D5E-4661-BF8F-1A1A998BFAAC}.Release|Any CPU.ActiveCfg = Release|Any CPU
		{9C927F9B-5D5E-4661-BF8F-1A1A998BFAAC}.Release|Any CPU.Build.0 = Release|Any CPU
		{16238C38-3431-4D39-AC59-2353657ED44D}.Debug|Any CPU.ActiveCfg = Debug|Any CPU
		{16238C38-3431-4D39-AC59-2353657ED44D}.Debug|Any CPU.Build.0 = Debug|Any CPU
		{16238C38-3431-4D39-AC59-2353657ED44D}.Release|Any CPU.ActiveCfg = Release|Any CPU
		{16238C38-3431-4D39-AC59-2353657ED44D}.Release|Any CPU.Build.0 = Release|Any CPU
		{74168440-B917-4269-BD7D-74CF64CAE049}.Debug|Any CPU.ActiveCfg = Debug|Any CPU
		{74168440-B917-4269-BD7D-74CF64CAE049}.Debug|Any CPU.Build.0 = Debug|Any CPU
		{74168440-B917-4269-BD7D-74CF64CAE049}.Release|Any CPU.ActiveCfg = Release|Any CPU
		{74168440-B917-4269-BD7D-74CF64CAE049}.Release|Any CPU.Build.0 = Release|Any CPU
		{25CBEF3C-3FF5-4AB7-8EB0-8AA0F1367959}.Debug|Any CPU.ActiveCfg = Debug|Any CPU
		{25CBEF3C-3FF5-4AB7-8EB0-8AA0F1367959}.Debug|Any CPU.Build.0 = Debug|Any CPU
		{25CBEF3C-3FF5-4AB7-8EB0-8AA0F1367959}.Release|Any CPU.ActiveCfg = Release|Any CPU
		{25CBEF3C-3FF5-4AB7-8EB0-8AA0F1367959}.Release|Any CPU.Build.0 = Release|Any CPU
		{1C16A09A-C580-49EC-AB33-08A17AD36283}.Debug|Any CPU.ActiveCfg = Debug|Any CPU
		{1C16A09A-C580-49EC-AB33-08A17AD36283}.Debug|Any CPU.Build.0 = Debug|Any CPU
		{1C16A09A-C580-49EC-AB33-08A17AD36283}.Release|Any CPU.ActiveCfg = Release|Any CPU
		{1C16A09A-C580-49EC-AB33-08A17AD36283}.Release|Any CPU.Build.0 = Release|Any CPU
		{F3AE8B73-4A62-463A-B0AD-F144413D9417}.Debug|Any CPU.ActiveCfg = Debug|Any CPU
		{F3AE8B73-4A62-463A-B0AD-F144413D9417}.Debug|Any CPU.Build.0 = Debug|Any CPU
		{F3AE8B73-4A62-463A-B0AD-F144413D9417}.Release|Any CPU.ActiveCfg = Release|Any CPU
		{F3AE8B73-4A62-463A-B0AD-F144413D9417}.Release|Any CPU.Build.0 = Release|Any CPU
		{EE166CD6-2021-431B-8AE1-C760EDB9E58C}.Debug|Any CPU.ActiveCfg = Debug|Any CPU
		{EE166CD6-2021-431B-8AE1-C760EDB9E58C}.Debug|Any CPU.Build.0 = Debug|Any CPU
		{EE166CD6-2021-431B-8AE1-C760EDB9E58C}.Release|Any CPU.ActiveCfg = Release|Any CPU
		{EE166CD6-2021-431B-8AE1-C760EDB9E58C}.Release|Any CPU.Build.0 = Release|Any CPU
	EndGlobalSection
	GlobalSection(SolutionProperties) = preSolution
		HideSolutionNode = FALSE
	EndGlobalSection
	GlobalSection(NestedProjects) = preSolution
		{A043E8ED-1FBF-4B39-95CE-896FA26607BE} = {FB83AA4E-591E-4315-8F39-6CC05E59EE8B}
		{9C927F9B-5D5E-4661-BF8F-1A1A998BFAAC} = {FB83AA4E-591E-4315-8F39-6CC05E59EE8B}
		{16238C38-3431-4D39-AC59-2353657ED44D} = {FB83AA4E-591E-4315-8F39-6CC05E59EE8B}
		{74168440-B917-4269-BD7D-74CF64CAE049} = {FB83AA4E-591E-4315-8F39-6CC05E59EE8B}
		{25CBEF3C-3FF5-4AB7-8EB0-8AA0F1367959} = {FB83AA4E-591E-4315-8F39-6CC05E59EE8B}
		{1C16A09A-C580-49EC-AB33-08A17AD36283} = {FB83AA4E-591E-4315-8F39-6CC05E59EE8B}
		{F3AE8B73-4A62-463A-B0AD-F144413D9417} = {FB83AA4E-591E-4315-8F39-6CC05E59EE8B}
		{EE166CD6-2021-431B-8AE1-C760EDB9E58C} = {F923D6C2-6FFE-40BC-BA5E-6735675D4DCC}
	EndGlobalSection
	GlobalSection(ExtensibilityGlobals) = postSolution
		SolutionGuid = {5EDC5211-5874-4E14-A820-8737B461C039}
	EndGlobalSection
EndGlobal
