
Microsoft Visual Studio Solution File, Format Version 12.00
# Visual Studio Version 17
VisualStudioVersion = 17.2.32414.248
MinimumVisualStudioVersion = 10.0.40219.1
Project("{9A19103F-16F7-4668-BE54-9A1E7A4F7556}") = "Exercise_2-1", "Exercises_02\Exercise_2-1\Exercise_2-1.csproj", "{A043E8ED-1FBF-4B39-95CE-896FA26607BE}"
EndProject
Project("{9A19103F-16F7-4668-BE54-9A1E7A4F7556}") = "Exercise_2-2", "Exercises_02\Exercise_2-2\Exercise_2-2.csproj", "{9C927F9B-5D5E-4661-BF8F-1A1A998BFAAC}"
EndProject
Project("{FAE04EC0-301F-11D3-BF4B-00C04F79EFBC}") = "Exercise_2-3", "Exercises_02\Exercise_2-3\Exercise_2-3.csproj", "{16238C38-3431-4D39-AC59-2353657ED44D}"
EndProject
Global
	GlobalSection(SolutionConfigurationPlatforms) = preSolution
		Debug|Any CPU = Debug|Any CPU
		Release|Any CPU = Release|Any CPU
	EndGlobalSection
	GlobalSection(ProjectConfigurationPlatforms) = postSolution
		{A043E8ED-1FBF-4B39-95CE-896FA26607BE}.Debug|Any CPU.ActiveCfg = Debug|Any CPU
		{A043E8ED-1FBF-4B39-95CE-896FA26607BE}.Debug|Any CPU.Build.0 = Debug|Any CPU
		{A043E8ED-1FBF-4B39-95CE-896FA26607BE}.Release|Any CPU.ActiveCfg = Release|Any CPU
		{A043E8ED-1FBF-4B39-95CE-896FA26607BE}.Release|Any CPU.Build.0 = Release|Any CPU
		{9C927F9B-5D5E-4661-BF8F-1A1A998BFAAC}.Debug|Any CPU.ActiveCfg = Debug|Any CPU
		{9C927F9B-5D5E-4661-BF8F-1A1A998BFAAC}.Debug|Any CPU.Build.0 = Debug|Any CPU
		{9C927F9B-5D5E-4661-BF8F-1A1A998BFAAC}.Release|Any CPU.ActiveCfg = Release|Any CPU
		{9C927F9B-5D5E-4661-BF8F-1A1A998BFAAC}.Release|Any CPU.Build.0 = Release|Any CPU
		{16238C38-3431-4D39-AC59-2353657ED44D}.Debug|Any CPU.ActiveCfg = Debug|Any CPU
		{16238C38-3431-4D39-AC59-2353657ED44D}.Debug|Any CPU.Build.0 = Debug|Any CPU
		{16238C38-3431-4D39-AC59-2353657ED44D}.Release|Any CPU.ActiveCfg = Release|Any CPU
		{16238C38-3431-4D39-AC59-2353657ED44D}.Release|Any CPU.Build.0 = Release|Any CPU
	EndGlobalSection
	GlobalSection(SolutionProperties) = preSolution
		HideSolutionNode = FALSE
	EndGlobalSection
	GlobalSection(ExtensibilityGlobals) = postSolution
		SolutionGuid = {5EDC5211-5874-4E14-A820-8737B461C039}
	EndGlobalSection
EndGlobal
